// !$*UTF8*$!
{
	archiveVersion = 1;
	classes = {
	};
	objectVersion = 46;
	objects = {

/* Begin PBXBuildFile section */
		022994221C80956900E3B816 /* VideoViewController.swift in Sources */ = {isa = PBXBuildFile; fileRef = 022994211C80956900E3B816 /* VideoViewController.swift */; };
		022994241C80969F00E3B816 /* NotesViewController.swift in Sources */ = {isa = PBXBuildFile; fileRef = 022994231C80969F00E3B816 /* NotesViewController.swift */; };
		022994261C8098AD00E3B816 /* ForumTableViewController.swift in Sources */ = {isa = PBXBuildFile; fileRef = 022994251C8098AD00E3B816 /* ForumTableViewController.swift */; };
		022994281C8459A400E3B816 /* userInfo.plist in Resources */ = {isa = PBXBuildFile; fileRef = 022994271C8459A400E3B816 /* userInfo.plist */; };
		0229942A1C845B4D00E3B816 /* Plist.swift in Sources */ = {isa = PBXBuildFile; fileRef = 022994291C845B4D00E3B816 /* Plist.swift */; };
		023A52751C8823B600DBFF76 /* CustomCollectionViewLayout.swift in Sources */ = {isa = PBXBuildFile; fileRef = 023A52741C8823B600DBFF76 /* CustomCollectionViewLayout.swift */; };
		023A52771C8825BC00DBFF76 /* NumberCollectionViewCell.swift in Sources */ = {isa = PBXBuildFile; fileRef = 023A52761C8825BC00DBFF76 /* NumberCollectionViewCell.swift */; };
		023A52791C8825CF00DBFF76 /* ContentCollectionViewCell.swift in Sources */ = {isa = PBXBuildFile; fileRef = 023A52781C8825CF00DBFF76 /* ContentCollectionViewCell.swift */; };
		023A527B1C882AD100DBFF76 /* NumberCollectionViewCell.xib in Resources */ = {isa = PBXBuildFile; fileRef = 023A527A1C882AD100DBFF76 /* NumberCollectionViewCell.xib */; };
		023A527D1C882AFB00DBFF76 /* ContentCollectionViewCell.xib in Resources */ = {isa = PBXBuildFile; fileRef = 023A527C1C882AFB00DBFF76 /* ContentCollectionViewCell.xib */; };
		02682D281C7EFBA40088F21B /* AppDelegate.swift in Sources */ = {isa = PBXBuildFile; fileRef = 02682D271C7EFBA40088F21B /* AppDelegate.swift */; };
		02682D2D1C7EFBA40088F21B /* Main.storyboard in Resources */ = {isa = PBXBuildFile; fileRef = 02682D2B1C7EFBA40088F21B /* Main.storyboard */; };
		02682D301C7EFBA40088F21B /* PregnancyCalendar.xcdatamodeld in Sources */ = {isa = PBXBuildFile; fileRef = 02682D2E1C7EFBA40088F21B /* PregnancyCalendar.xcdatamodeld */; };
		02682D321C7EFBA40088F21B /* Assets.xcassets in Resources */ = {isa = PBXBuildFile; fileRef = 02682D311C7EFBA40088F21B /* Assets.xcassets */; };
		02682D351C7EFBA40088F21B /* LaunchScreen.storyboard in Resources */ = {isa = PBXBuildFile; fileRef = 02682D331C7EFBA40088F21B /* LaunchScreen.storyboard */; };
		02682D411C7EFC420088F21B /* SWRevealViewController.m in Sources */ = {isa = PBXBuildFile; fileRef = 02682D401C7EFC420088F21B /* SWRevealViewController.m */; };
		02682D451C7EFFA00088F21B /* BirthDateViewController.swift in Sources */ = {isa = PBXBuildFile; fileRef = 02682D441C7EFFA00088F21B /* BirthDateViewController.swift */; };
		02682D471C7F013D0088F21B /* ListTableViewController.swift in Sources */ = {isa = PBXBuildFile; fileRef = 02682D461C7F013D0088F21B /* ListTableViewController.swift */; };
		02682D491C7F0CEB0088F21B /* NameViewController.swift in Sources */ = {isa = PBXBuildFile; fileRef = 02682D481C7F0CEB0088F21B /* NameViewController.swift */; };
		02682D4B1C7F16BA0088F21B /* SpasmsViewController.swift in Sources */ = {isa = PBXBuildFile; fileRef = 02682D4A1C7F16BA0088F21B /* SpasmsViewController.swift */; };
		02682D4D1C7F18BA0088F21B /* WeightGraphViewController.swift in Sources */ = {isa = PBXBuildFile; fileRef = 02682D4C1C7F18BA0088F21B /* WeightGraphViewController.swift */; };
		02682D511C7F3D770088F21B /* MenuTableViewController.swift in Sources */ = {isa = PBXBuildFile; fileRef = 02682D501C7F3D770088F21B /* MenuTableViewController.swift */; };
		027A28E11C99A06F000792E8 /* AssetsLibrary.framework in Frameworks */ = {isa = PBXBuildFile; fileRef = 027A28E01C99A06F000792E8 /* AssetsLibrary.framework */; };
		027A28E31C99A07E000792E8 /* CoreGraphics.framework in Frameworks */ = {isa = PBXBuildFile; fileRef = 027A28E21C99A07E000792E8 /* CoreGraphics.framework */; };
		027A28E51C99A3FA000792E8 /* PhotoTableViewController.swift in Sources */ = {isa = PBXBuildFile; fileRef = 027A28E41C99A3FA000792E8 /* PhotoTableViewController.swift */; };
		02DA72E01CA92D640011E9DF /* points.json in Resources */ = {isa = PBXBuildFile; fileRef = 02DA72DF1CA92D640011E9DF /* points.json */; };
		02DA72E21CA92E6A0011E9DF /* BuyViewController.swift in Sources */ = {isa = PBXBuildFile; fileRef = 02DA72E11CA92E6A0011E9DF /* BuyViewController.swift */; };
		02DA72E41CA92F990011E9DF /* MapKit.framework in Frameworks */ = {isa = PBXBuildFile; fileRef = 02DA72E31CA92F990011E9DF /* MapKit.framework */; };
		02DA72E61CA940610011E9DF /* WildBerriesTableViewCell.swift in Sources */ = {isa = PBXBuildFile; fileRef = 02DA72E51CA940610011E9DF /* WildBerriesTableViewCell.swift */; };
		02E461781CA2A12C00CC6E77 /* Charts.framework in Frameworks */ = {isa = PBXBuildFile; fileRef = 02E461711CA2A0EB00CC6E77 /* Charts.framework */; };
		02FE54671CA9626C0094C055 /* BubbleView.swift in Sources */ = {isa = PBXBuildFile; fileRef = 02FE54621CA9626C0094C055 /* BubbleView.swift */; };
		02FE54681CA9626C0094C055 /* CalloutAnnotation.swift in Sources */ = {isa = PBXBuildFile; fileRef = 02FE54631CA9626C0094C055 /* CalloutAnnotation.swift */; };
		02FE54691CA9626C0094C055 /* CalloutAnnotationView.swift in Sources */ = {isa = PBXBuildFile; fileRef = 02FE54641CA9626C0094C055 /* CalloutAnnotationView.swift */; };
		02FE546A1CA9626C0094C055 /* CustomAnnotation.swift in Sources */ = {isa = PBXBuildFile; fileRef = 02FE54651CA9626C0094C055 /* CustomAnnotation.swift */; };
		A0B0ECBF1C9EBD2E005E44F4 /* Crashlytics.framework in Frameworks */ = {isa = PBXBuildFile; fileRef = A0B0ECBD1C9EBD2E005E44F4 /* Crashlytics.framework */; };
		A0B0ECC01C9EBD2E005E44F4 /* Fabric.framework in Frameworks */ = {isa = PBXBuildFile; fileRef = A0B0ECBE1C9EBD2E005E44F4 /* Fabric.framework */; };
		A0B3FEE51C9EEECE003ABFBA /* CalendarViewController.swift in Sources */ = {isa = PBXBuildFile; fileRef = A0B3FEE41C9EEECE003ABFBA /* CalendarViewController.swift */; };
		A0C56DA31CA2E9A6004C36AF /* Charts.framework in Frameworks */ = {isa = PBXBuildFile; fileRef = 02E461711CA2A0EB00CC6E77 /* Charts.framework */; };
		A0C56DA41CA2E9A6004C36AF /* Charts.framework in Embed Frameworks */ = {isa = PBXBuildFile; fileRef = 02E461711CA2A0EB00CC6E77 /* Charts.framework */; settings = {ATTRIBUTES = (CodeSignOnCopy, RemoveHeadersOnCopy, ); }; };
		A0E9CD7C1C96EC3400B6A036 /* Black_dot.png in Resources */ = {isa = PBXBuildFile; fileRef = A0E9CD741C96EC3400B6A036 /* Black_dot.png */; };
		A0E9CD7D1C96EC3400B6A036 /* EPCalendarCell1.swift in Sources */ = {isa = PBXBuildFile; fileRef = A0E9CD751C96EC3400B6A036 /* EPCalendarCell1.swift */; };
		A0E9CD7E1C96EC3400B6A036 /* EPCalendarCell1.xib in Resources */ = {isa = PBXBuildFile; fileRef = A0E9CD761C96EC3400B6A036 /* EPCalendarCell1.xib */; };
		A0E9CD7F1C96EC3400B6A036 /* EPCalendarConstants.swift in Sources */ = {isa = PBXBuildFile; fileRef = A0E9CD771C96EC3400B6A036 /* EPCalendarConstants.swift */; };
		A0E9CD801C96EC3400B6A036 /* EPCalendarHeaderView.swift in Sources */ = {isa = PBXBuildFile; fileRef = A0E9CD781C96EC3400B6A036 /* EPCalendarHeaderView.swift */; };
		A0E9CD811C96EC3400B6A036 /* EPCalendarHeaderView.xib in Resources */ = {isa = PBXBuildFile; fileRef = A0E9CD791C96EC3400B6A036 /* EPCalendarHeaderView.xib */; };
		A0E9CD821C96EC3400B6A036 /* EPCalendarPicker.swift in Sources */ = {isa = PBXBuildFile; fileRef = A0E9CD7A1C96EC3400B6A036 /* EPCalendarPicker.swift */; };
		A0E9CD831C96EC3400B6A036 /* EPExtensions.swift in Sources */ = {isa = PBXBuildFile; fileRef = A0E9CD7B1C96EC3400B6A036 /* EPExtensions.swift */; };
/* End PBXBuildFile section */

/* Begin PBXContainerItemProxy section */
		02E461701CA2A0EB00CC6E77 /* PBXContainerItemProxy */ = {
			isa = PBXContainerItemProxy;
			containerPortal = 02E461691CA2A0EB00CC6E77 /* Charts.xcodeproj */;
			proxyType = 2;
			remoteGlobalIDString = 5BA8EC401A9D14DC00CE82E1;
			remoteInfo = "Charts-iOS";
		};
		02E461721CA2A0EB00CC6E77 /* PBXContainerItemProxy */ = {
			isa = PBXContainerItemProxy;
			containerPortal = 02E461691CA2A0EB00CC6E77 /* Charts.xcodeproj */;
			proxyType = 2;
			remoteGlobalIDString = A52C5C371BAC5CA400594CDD;
			remoteInfo = "Charts-TV";
		};
		02E461741CA2A0EB00CC6E77 /* PBXContainerItemProxy */ = {
			isa = PBXContainerItemProxy;
			containerPortal = 02E461691CA2A0EB00CC6E77 /* Charts.xcodeproj */;
			proxyType = 2;
			remoteGlobalIDString = 65B3F5BF1C7370BE000983D0;
			remoteInfo = "Charts-OSX";
		};
		02E461761CA2A0EB00CC6E77 /* PBXContainerItemProxy */ = {
			isa = PBXContainerItemProxy;
			containerPortal = 02E461691CA2A0EB00CC6E77 /* Charts.xcodeproj */;
			proxyType = 2;
			remoteGlobalIDString = 06AEE7A21BDC3F8B009875AE;
			remoteInfo = ChartsTests;
		};
		A0C56DA51CA2E9A7004C36AF /* PBXContainerItemProxy */ = {
			isa = PBXContainerItemProxy;
			containerPortal = 02E461691CA2A0EB00CC6E77 /* Charts.xcodeproj */;
			proxyType = 1;
			remoteGlobalIDString = 5BA8EC3F1A9D14DC00CE82E1;
			remoteInfo = "Charts-iOS";
		};
/* End PBXContainerItemProxy section */

/* Begin PBXCopyFilesBuildPhase section */
		A0C56DA71CA2E9A7004C36AF /* Embed Frameworks */ = {
			isa = PBXCopyFilesBuildPhase;
			buildActionMask = 2147483647;
			dstPath = "";
			dstSubfolderSpec = 10;
			files = (
				A0C56DA41CA2E9A6004C36AF /* Charts.framework in Embed Frameworks */,
			);
			name = "Embed Frameworks";
			runOnlyForDeploymentPostprocessing = 0;
		};
/* End PBXCopyFilesBuildPhase section */

/* Begin PBXFileReference section */
		022994211C80956900E3B816 /* VideoViewController.swift */ = {isa = PBXFileReference; fileEncoding = 4; lastKnownFileType = sourcecode.swift; path = VideoViewController.swift; sourceTree = "<group>"; };
		022994231C80969F00E3B816 /* NotesViewController.swift */ = {isa = PBXFileReference; fileEncoding = 4; lastKnownFileType = sourcecode.swift; path = NotesViewController.swift; sourceTree = "<group>"; };
		022994251C8098AD00E3B816 /* ForumTableViewController.swift */ = {isa = PBXFileReference; fileEncoding = 4; lastKnownFileType = sourcecode.swift; path = ForumTableViewController.swift; sourceTree = "<group>"; };
		022994271C8459A400E3B816 /* userInfo.plist */ = {isa = PBXFileReference; fileEncoding = 4; lastKnownFileType = text.plist.xml; path = userInfo.plist; sourceTree = "<group>"; };
		022994291C845B4D00E3B816 /* Plist.swift */ = {isa = PBXFileReference; fileEncoding = 4; lastKnownFileType = sourcecode.swift; path = Plist.swift; sourceTree = "<group>"; };
		023A52741C8823B600DBFF76 /* CustomCollectionViewLayout.swift */ = {isa = PBXFileReference; fileEncoding = 4; lastKnownFileType = sourcecode.swift; path = CustomCollectionViewLayout.swift; sourceTree = "<group>"; };
		023A52761C8825BC00DBFF76 /* NumberCollectionViewCell.swift */ = {isa = PBXFileReference; fileEncoding = 4; lastKnownFileType = sourcecode.swift; path = NumberCollectionViewCell.swift; sourceTree = "<group>"; };
		023A52781C8825CF00DBFF76 /* ContentCollectionViewCell.swift */ = {isa = PBXFileReference; fileEncoding = 4; lastKnownFileType = sourcecode.swift; path = ContentCollectionViewCell.swift; sourceTree = "<group>"; };
		023A527A1C882AD100DBFF76 /* NumberCollectionViewCell.xib */ = {isa = PBXFileReference; fileEncoding = 4; lastKnownFileType = file.xib; path = NumberCollectionViewCell.xib; sourceTree = "<group>"; };
		023A527C1C882AFB00DBFF76 /* ContentCollectionViewCell.xib */ = {isa = PBXFileReference; fileEncoding = 4; lastKnownFileType = file.xib; path = ContentCollectionViewCell.xib; sourceTree = "<group>"; };
		02682D241C7EFBA40088F21B /* PregnancyCalendar.app */ = {isa = PBXFileReference; explicitFileType = wrapper.application; includeInIndex = 0; path = PregnancyCalendar.app; sourceTree = BUILT_PRODUCTS_DIR; };
		02682D271C7EFBA40088F21B /* AppDelegate.swift */ = {isa = PBXFileReference; lastKnownFileType = sourcecode.swift; path = AppDelegate.swift; sourceTree = "<group>"; };
		02682D2C1C7EFBA40088F21B /* Base */ = {isa = PBXFileReference; lastKnownFileType = file.storyboard; name = Base; path = Base.lproj/Main.storyboard; sourceTree = "<group>"; };
		02682D2F1C7EFBA40088F21B /* PregnancyCalendar.xcdatamodel */ = {isa = PBXFileReference; lastKnownFileType = wrapper.xcdatamodel; path = PregnancyCalendar.xcdatamodel; sourceTree = "<group>"; };
		02682D311C7EFBA40088F21B /* Assets.xcassets */ = {isa = PBXFileReference; lastKnownFileType = folder.assetcatalog; path = Assets.xcassets; sourceTree = "<group>"; };
		02682D341C7EFBA40088F21B /* Base */ = {isa = PBXFileReference; lastKnownFileType = file.storyboard; name = Base; path = Base.lproj/LaunchScreen.storyboard; sourceTree = "<group>"; };
		02682D361C7EFBA40088F21B /* Info.plist */ = {isa = PBXFileReference; lastKnownFileType = text.plist.xml; path = Info.plist; sourceTree = "<group>"; };
		02682D3E1C7EFC420088F21B /* PregnancyCalendar-Bridging-Header.h */ = {isa = PBXFileReference; lastKnownFileType = sourcecode.c.h; path = "PregnancyCalendar-Bridging-Header.h"; sourceTree = "<group>"; };
		02682D3F1C7EFC420088F21B /* SWRevealViewController.h */ = {isa = PBXFileReference; fileEncoding = 4; lastKnownFileType = sourcecode.c.h; path = SWRevealViewController.h; sourceTree = "<group>"; };
		02682D401C7EFC420088F21B /* SWRevealViewController.m */ = {isa = PBXFileReference; fileEncoding = 4; lastKnownFileType = sourcecode.c.objc; path = SWRevealViewController.m; sourceTree = "<group>"; };
		02682D441C7EFFA00088F21B /* BirthDateViewController.swift */ = {isa = PBXFileReference; fileEncoding = 4; lastKnownFileType = sourcecode.swift; path = BirthDateViewController.swift; sourceTree = "<group>"; };
		02682D461C7F013D0088F21B /* ListTableViewController.swift */ = {isa = PBXFileReference; fileEncoding = 4; lastKnownFileType = sourcecode.swift; path = ListTableViewController.swift; sourceTree = "<group>"; };
		02682D481C7F0CEB0088F21B /* NameViewController.swift */ = {isa = PBXFileReference; fileEncoding = 4; lastKnownFileType = sourcecode.swift; path = NameViewController.swift; sourceTree = "<group>"; };
		02682D4A1C7F16BA0088F21B /* SpasmsViewController.swift */ = {isa = PBXFileReference; fileEncoding = 4; lastKnownFileType = sourcecode.swift; path = SpasmsViewController.swift; sourceTree = "<group>"; };
		02682D4C1C7F18BA0088F21B /* WeightGraphViewController.swift */ = {isa = PBXFileReference; fileEncoding = 4; lastKnownFileType = sourcecode.swift; path = WeightGraphViewController.swift; sourceTree = "<group>"; };
		02682D501C7F3D770088F21B /* MenuTableViewController.swift */ = {isa = PBXFileReference; fileEncoding = 4; lastKnownFileType = sourcecode.swift; path = MenuTableViewController.swift; sourceTree = "<group>"; };
		027A28E01C99A06F000792E8 /* AssetsLibrary.framework */ = {isa = PBXFileReference; lastKnownFileType = wrapper.framework; name = AssetsLibrary.framework; path = System/Library/Frameworks/AssetsLibrary.framework; sourceTree = SDKROOT; };
		027A28E21C99A07E000792E8 /* CoreGraphics.framework */ = {isa = PBXFileReference; lastKnownFileType = wrapper.framework; name = CoreGraphics.framework; path = System/Library/Frameworks/CoreGraphics.framework; sourceTree = SDKROOT; };
		027A28E41C99A3FA000792E8 /* PhotoTableViewController.swift */ = {isa = PBXFileReference; fileEncoding = 4; lastKnownFileType = sourcecode.swift; path = PhotoTableViewController.swift; sourceTree = "<group>"; };
		02DA72DF1CA92D640011E9DF /* points.json */ = {isa = PBXFileReference; fileEncoding = 4; lastKnownFileType = text.json; path = points.json; sourceTree = "<group>"; };
		02DA72E11CA92E6A0011E9DF /* BuyViewController.swift */ = {isa = PBXFileReference; fileEncoding = 4; lastKnownFileType = sourcecode.swift; path = BuyViewController.swift; sourceTree = "<group>"; };
		02DA72E31CA92F990011E9DF /* MapKit.framework */ = {isa = PBXFileReference; lastKnownFileType = wrapper.framework; name = MapKit.framework; path = System/Library/Frameworks/MapKit.framework; sourceTree = SDKROOT; };
		02DA72E51CA940610011E9DF /* WildBerriesTableViewCell.swift */ = {isa = PBXFileReference; fileEncoding = 4; lastKnownFileType = sourcecode.swift; path = WildBerriesTableViewCell.swift; sourceTree = "<group>"; };
		02E461691CA2A0EB00CC6E77 /* Charts.xcodeproj */ = {isa = PBXFileReference; lastKnownFileType = "wrapper.pb-project"; name = Charts.xcodeproj; path = Charts/Charts.xcodeproj; sourceTree = "<group>"; };
		02FE54621CA9626C0094C055 /* BubbleView.swift */ = {isa = PBXFileReference; fileEncoding = 4; lastKnownFileType = sourcecode.swift; path = BubbleView.swift; sourceTree = "<group>"; };
		02FE54631CA9626C0094C055 /* CalloutAnnotation.swift */ = {isa = PBXFileReference; fileEncoding = 4; lastKnownFileType = sourcecode.swift; path = CalloutAnnotation.swift; sourceTree = "<group>"; };
		02FE54641CA9626C0094C055 /* CalloutAnnotationView.swift */ = {isa = PBXFileReference; fileEncoding = 4; lastKnownFileType = sourcecode.swift; path = CalloutAnnotationView.swift; sourceTree = "<group>"; };
		02FE54651CA9626C0094C055 /* CustomAnnotation.swift */ = {isa = PBXFileReference; fileEncoding = 4; lastKnownFileType = sourcecode.swift; path = CustomAnnotation.swift; sourceTree = "<group>"; };
		A0B0ECBD1C9EBD2E005E44F4 /* Crashlytics.framework */ = {isa = PBXFileReference; lastKnownFileType = wrapper.framework; path = Crashlytics.framework; sourceTree = "<group>"; };
		A0B0ECBE1C9EBD2E005E44F4 /* Fabric.framework */ = {isa = PBXFileReference; lastKnownFileType = wrapper.framework; path = Fabric.framework; sourceTree = "<group>"; };
		A0B3FEE41C9EEECE003ABFBA /* CalendarViewController.swift */ = {isa = PBXFileReference; fileEncoding = 4; lastKnownFileType = sourcecode.swift; path = CalendarViewController.swift; sourceTree = "<group>"; };
		A0E9CD741C96EC3400B6A036 /* Black_dot.png */ = {isa = PBXFileReference; lastKnownFileType = image.png; name = Black_dot.png; path = EPCalendarPicker/Black_dot.png; sourceTree = "<group>"; };
		A0E9CD751C96EC3400B6A036 /* EPCalendarCell1.swift */ = {isa = PBXFileReference; fileEncoding = 4; lastKnownFileType = sourcecode.swift; name = EPCalendarCell1.swift; path = EPCalendarPicker/EPCalendarCell1.swift; sourceTree = "<group>"; };
		A0E9CD761C96EC3400B6A036 /* EPCalendarCell1.xib */ = {isa = PBXFileReference; fileEncoding = 4; lastKnownFileType = file.xib; name = EPCalendarCell1.xib; path = EPCalendarPicker/EPCalendarCell1.xib; sourceTree = "<group>"; };
		A0E9CD771C96EC3400B6A036 /* EPCalendarConstants.swift */ = {isa = PBXFileReference; fileEncoding = 4; lastKnownFileType = sourcecode.swift; name = EPCalendarConstants.swift; path = EPCalendarPicker/EPCalendarConstants.swift; sourceTree = "<group>"; };
		A0E9CD781C96EC3400B6A036 /* EPCalendarHeaderView.swift */ = {isa = PBXFileReference; fileEncoding = 4; lastKnownFileType = sourcecode.swift; name = EPCalendarHeaderView.swift; path = EPCalendarPicker/EPCalendarHeaderView.swift; sourceTree = "<group>"; };
		A0E9CD791C96EC3400B6A036 /* EPCalendarHeaderView.xib */ = {isa = PBXFileReference; fileEncoding = 4; lastKnownFileType = file.xib; name = EPCalendarHeaderView.xib; path = EPCalendarPicker/EPCalendarHeaderView.xib; sourceTree = "<group>"; };
		A0E9CD7A1C96EC3400B6A036 /* EPCalendarPicker.swift */ = {isa = PBXFileReference; fileEncoding = 4; lastKnownFileType = sourcecode.swift; name = EPCalendarPicker.swift; path = EPCalendarPicker/EPCalendarPicker.swift; sourceTree = "<group>"; };
		A0E9CD7B1C96EC3400B6A036 /* EPExtensions.swift */ = {isa = PBXFileReference; fileEncoding = 4; lastKnownFileType = sourcecode.swift; name = EPExtensions.swift; path = EPCalendarPicker/EPExtensions.swift; sourceTree = "<group>"; };
/* End PBXFileReference section */

/* Begin PBXFrameworksBuildPhase section */
		02682D211C7EFBA40088F21B /* Frameworks */ = {
			isa = PBXFrameworksBuildPhase;
			buildActionMask = 2147483647;
			files = (
				02DA72E41CA92F990011E9DF /* MapKit.framework in Frameworks */,
				02E461781CA2A12C00CC6E77 /* Charts.framework in Frameworks */,
				027A28E31C99A07E000792E8 /* CoreGraphics.framework in Frameworks */,
				A0B0ECBF1C9EBD2E005E44F4 /* Crashlytics.framework in Frameworks */,
				A0C56DA31CA2E9A6004C36AF /* Charts.framework in Frameworks */,
				027A28E11C99A06F000792E8 /* AssetsLibrary.framework in Frameworks */,
				A0B0ECC01C9EBD2E005E44F4 /* Fabric.framework in Frameworks */,
			);
			runOnlyForDeploymentPostprocessing = 0;
		};
/* End PBXFrameworksBuildPhase section */

/* Begin PBXGroup section */
		023A52731C88238200DBFF76 /* Custom Layouts */ = {
			isa = PBXGroup;
			children = (
				023A52741C8823B600DBFF76 /* CustomCollectionViewLayout.swift */,
				023A52761C8825BC00DBFF76 /* NumberCollectionViewCell.swift */,
				023A52781C8825CF00DBFF76 /* ContentCollectionViewCell.swift */,
				023A527A1C882AD100DBFF76 /* NumberCollectionViewCell.xib */,
				023A527C1C882AFB00DBFF76 /* ContentCollectionViewCell.xib */,
			);
			name = "Custom Layouts";
			sourceTree = "<group>";
		};
		02682D1B1C7EFBA40088F21B = {
			isa = PBXGroup;
			children = (
				027A28E01C99A06F000792E8 /* AssetsLibrary.framework */,
				027A28E21C99A07E000792E8 /* CoreGraphics.framework */,
				A0B0ECBD1C9EBD2E005E44F4 /* Crashlytics.framework */,
				A0B0ECBE1C9EBD2E005E44F4 /* Fabric.framework */,
				02DA72E31CA92F990011E9DF /* MapKit.framework */,
				02E461691CA2A0EB00CC6E77 /* Charts.xcodeproj */,
				02682D261C7EFBA40088F21B /* PregnancyCalendar */,
				02682D251C7EFBA40088F21B /* Products */,
			);
			sourceTree = "<group>";
		};
		02682D251C7EFBA40088F21B /* Products */ = {
			isa = PBXGroup;
			children = (
				02682D241C7EFBA40088F21B /* PregnancyCalendar.app */,
			);
			name = Products;
			sourceTree = "<group>";
		};
		02682D261C7EFBA40088F21B /* PregnancyCalendar */ = {
			isa = PBXGroup;
			children = (
				02682D3E1C7EFC420088F21B /* PregnancyCalendar-Bridging-Header.h */,
				02DA72DF1CA92D640011E9DF /* points.json */,
				02682D361C7EFBA40088F21B /* Info.plist */,
				022994271C8459A400E3B816 /* userInfo.plist */,
				02682D271C7EFBA40088F21B /* AppDelegate.swift */,
				02682D441C7EFFA00088F21B /* BirthDateViewController.swift */,
				02DA72E11CA92E6A0011E9DF /* BuyViewController.swift */,
				A0B3FEE41C9EEECE003ABFBA /* CalendarViewController.swift */,
				022994251C8098AD00E3B816 /* ForumTableViewController.swift */,
				02682D461C7F013D0088F21B /* ListTableViewController.swift */,
				02682D501C7F3D770088F21B /* MenuTableViewController.swift */,
				02682D481C7F0CEB0088F21B /* NameViewController.swift */,
				022994231C80969F00E3B816 /* NotesViewController.swift */,
				027A28E41C99A3FA000792E8 /* PhotoTableViewController.swift */,
				022994291C845B4D00E3B816 /* Plist.swift */,
				02682D4A1C7F16BA0088F21B /* SpasmsViewController.swift */,
				022994211C80956900E3B816 /* VideoViewController.swift */,
				02682D4C1C7F18BA0088F21B /* WeightGraphViewController.swift */,
				02DA72E51CA940610011E9DF /* WildBerriesTableViewCell.swift */,
				02682D311C7EFBA40088F21B /* Assets.xcassets */,
				023A52731C88238200DBFF76 /* Custom Layouts */,
				02FE54661CA9626C0094C055 /* Custom Pins */,
				A0E9CD731C96EC1B00B6A036 /* EpCalendarPicker */,
				02682D331C7EFBA40088F21B /* LaunchScreen.storyboard */,
				02682D2B1C7EFBA40088F21B /* Main.storyboard */,
				02682D2E1C7EFBA40088F21B /* PregnancyCalendar.xcdatamodeld */,
				02682D3D1C7EFC050088F21B /* SWRevealViewController */,
			);
			path = PregnancyCalendar;
			sourceTree = "<group>";
		};
		02682D3D1C7EFC050088F21B /* SWRevealViewController */ = {
			isa = PBXGroup;
			children = (
				02682D3F1C7EFC420088F21B /* SWRevealViewController.h */,
				02682D401C7EFC420088F21B /* SWRevealViewController.m */,
			);
			name = SWRevealViewController;
			sourceTree = "<group>";
		};
		02E4616A1CA2A0EB00CC6E77 /* Products */ = {
			isa = PBXGroup;
			children = (
				02E461711CA2A0EB00CC6E77 /* Charts.framework */,
				02E461731CA2A0EB00CC6E77 /* Charts.framework */,
				02E461751CA2A0EB00CC6E77 /* Charts.framework */,
				02E461771CA2A0EB00CC6E77 /* ChartsTests.xctest */,
			);
			name = Products;
			sourceTree = "<group>";
		};
		02FE54661CA9626C0094C055 /* Custom Pins */ = {
			isa = PBXGroup;
			children = (
				02FE54621CA9626C0094C055 /* BubbleView.swift */,
				02FE54631CA9626C0094C055 /* CalloutAnnotation.swift */,
				02FE54641CA9626C0094C055 /* CalloutAnnotationView.swift */,
				02FE54651CA9626C0094C055 /* CustomAnnotation.swift */,
			);
			name = "Custom Pins";
			path = "../../../pregnancy-Calendar-ipad-/rodicalc";
			sourceTree = "<group>";
		};
		A0E9CD731C96EC1B00B6A036 /* EpCalendarPicker */ = {
			isa = PBXGroup;
			children = (
				A0E9CD741C96EC3400B6A036 /* Black_dot.png */,
				A0E9CD751C96EC3400B6A036 /* EPCalendarCell1.swift */,
				A0E9CD761C96EC3400B6A036 /* EPCalendarCell1.xib */,
				A0E9CD771C96EC3400B6A036 /* EPCalendarConstants.swift */,
				A0E9CD781C96EC3400B6A036 /* EPCalendarHeaderView.swift */,
				A0E9CD791C96EC3400B6A036 /* EPCalendarHeaderView.xib */,
				A0E9CD7A1C96EC3400B6A036 /* EPCalendarPicker.swift */,
				A0E9CD7B1C96EC3400B6A036 /* EPExtensions.swift */,
			);
			name = EpCalendarPicker;
			sourceTree = "<group>";
		};
/* End PBXGroup section */

/* Begin PBXNativeTarget section */
		02682D231C7EFBA40088F21B /* PregnancyCalendar */ = {
			isa = PBXNativeTarget;
			buildConfigurationList = 02682D391C7EFBA40088F21B /* Build configuration list for PBXNativeTarget "PregnancyCalendar" */;
			buildPhases = (
				02682D201C7EFBA40088F21B /* Sources */,
				02682D211C7EFBA40088F21B /* Frameworks */,
				02682D221C7EFBA40088F21B /* Resources */,
				A0B0ECBC1C9EBCFB005E44F4 /* ShellScript */,
				A0C56DA71CA2E9A7004C36AF /* Embed Frameworks */,
			);
			buildRules = (
			);
			dependencies = (
				A0C56DA61CA2E9A7004C36AF /* PBXTargetDependency */,
			);
			name = PregnancyCalendar;
			productName = PregnancyCalendar;
			productReference = 02682D241C7EFBA40088F21B /* PregnancyCalendar.app */;
			productType = "com.apple.product-type.application";
		};
/* End PBXNativeTarget section */

/* Begin PBXProject section */
		02682D1C1C7EFBA40088F21B /* Project object */ = {
			isa = PBXProject;
			attributes = {
				LastSwiftUpdateCheck = 0720;
				LastUpgradeCheck = 0720;
				ORGANIZATIONNAME = farestz;
				TargetAttributes = {
					02682D231C7EFBA40088F21B = {
						CreatedOnToolsVersion = 7.2.1;
						DevelopmentTeam = Y6XF9JEXKG;
					};
				};
			};
			buildConfigurationList = 02682D1F1C7EFBA40088F21B /* Build configuration list for PBXProject "PregnancyCalendar" */;
			compatibilityVersion = "Xcode 3.2";
			developmentRegion = English;
			hasScannedForEncodings = 0;
			knownRegions = (
				en,
				Base,
			);
			mainGroup = 02682D1B1C7EFBA40088F21B;
			productRefGroup = 02682D251C7EFBA40088F21B /* Products */;
			projectDirPath = "";
			projectReferences = (
				{
					ProductGroup = 02E4616A1CA2A0EB00CC6E77 /* Products */;
					ProjectRef = 02E461691CA2A0EB00CC6E77 /* Charts.xcodeproj */;
				},
			);
			projectRoot = "";
			targets = (
				02682D231C7EFBA40088F21B /* PregnancyCalendar */,
			);
		};
/* End PBXProject section */

/* Begin PBXReferenceProxy section */
		02E461711CA2A0EB00CC6E77 /* Charts.framework */ = {
			isa = PBXReferenceProxy;
			fileType = wrapper.framework;
			path = Charts.framework;
			remoteRef = 02E461701CA2A0EB00CC6E77 /* PBXContainerItemProxy */;
			sourceTree = BUILT_PRODUCTS_DIR;
		};
		02E461731CA2A0EB00CC6E77 /* Charts.framework */ = {
			isa = PBXReferenceProxy;
			fileType = wrapper.framework;
			path = Charts.framework;
			remoteRef = 02E461721CA2A0EB00CC6E77 /* PBXContainerItemProxy */;
			sourceTree = BUILT_PRODUCTS_DIR;
		};
		02E461751CA2A0EB00CC6E77 /* Charts.framework */ = {
			isa = PBXReferenceProxy;
			fileType = wrapper.framework;
			path = Charts.framework;
			remoteRef = 02E461741CA2A0EB00CC6E77 /* PBXContainerItemProxy */;
			sourceTree = BUILT_PRODUCTS_DIR;
		};
		02E461771CA2A0EB00CC6E77 /* ChartsTests.xctest */ = {
			isa = PBXReferenceProxy;
			fileType = wrapper.cfbundle;
			path = ChartsTests.xctest;
			remoteRef = 02E461761CA2A0EB00CC6E77 /* PBXContainerItemProxy */;
			sourceTree = BUILT_PRODUCTS_DIR;
		};
/* End PBXReferenceProxy section */

/* Begin PBXResourcesBuildPhase section */
		02682D221C7EFBA40088F21B /* Resources */ = {
			isa = PBXResourcesBuildPhase;
			buildActionMask = 2147483647;
			files = (
				02682D351C7EFBA40088F21B /* LaunchScreen.storyboard in Resources */,
				02682D321C7EFBA40088F21B /* Assets.xcassets in Resources */,
				02682D2D1C7EFBA40088F21B /* Main.storyboard in Resources */,
				A0E9CD7C1C96EC3400B6A036 /* Black_dot.png in Resources */,
				A0E9CD811C96EC3400B6A036 /* EPCalendarHeaderView.xib in Resources */,
				023A527B1C882AD100DBFF76 /* NumberCollectionViewCell.xib in Resources */,
				023A527D1C882AFB00DBFF76 /* ContentCollectionViewCell.xib in Resources */,
				022994281C8459A400E3B816 /* userInfo.plist in Resources */,
				02DA72E01CA92D640011E9DF /* points.json in Resources */,
				A0E9CD7E1C96EC3400B6A036 /* EPCalendarCell1.xib in Resources */,
			);
			runOnlyForDeploymentPostprocessing = 0;
		};
/* End PBXResourcesBuildPhase section */

/* Begin PBXShellScriptBuildPhase section */
		A0B0ECBC1C9EBCFB005E44F4 /* ShellScript */ = {
			isa = PBXShellScriptBuildPhase;
			buildActionMask = 2147483647;
			files = (
			);
			inputPaths = (
			);
			outputPaths = (
			);
			runOnlyForDeploymentPostprocessing = 0;
			shellPath = /bin/sh;
			shellScript = "./Fabric.framework/run 7f0d441a445b99ad9be96af08be5f9e0255de5f5 6f1c6d273d9d2d4f5e74dd780c4b86e441f769af139465503ee9d4a245096798";
		};
/* End PBXShellScriptBuildPhase section */

/* Begin PBXSourcesBuildPhase section */
		02682D201C7EFBA40088F21B /* Sources */ = {
			isa = PBXSourcesBuildPhase;
			buildActionMask = 2147483647;
			files = (
				0229942A1C845B4D00E3B816 /* Plist.swift in Sources */,
				023A52771C8825BC00DBFF76 /* NumberCollectionViewCell.swift in Sources */,
				02FE54681CA9626C0094C055 /* CalloutAnnotation.swift in Sources */,
				02682D451C7EFFA00088F21B /* BirthDateViewController.swift in Sources */,
				023A52791C8825CF00DBFF76 /* ContentCollectionViewCell.swift in Sources */,
				022994221C80956900E3B816 /* VideoViewController.swift in Sources */,
				02682D511C7F3D770088F21B /* MenuTableViewController.swift in Sources */,
				02FE54671CA9626C0094C055 /* BubbleView.swift in Sources */,
				A0B3FEE51C9EEECE003ABFBA /* CalendarViewController.swift in Sources */,
				A0E9CD831C96EC3400B6A036 /* EPExtensions.swift in Sources */,
				02682D4D1C7F18BA0088F21B /* WeightGraphViewController.swift in Sources */,
				A0E9CD7F1C96EC3400B6A036 /* EPCalendarConstants.swift in Sources */,
				02FE54691CA9626C0094C055 /* CalloutAnnotationView.swift in Sources */,
				02682D491C7F0CEB0088F21B /* NameViewController.swift in Sources */,
				027A28E51C99A3FA000792E8 /* PhotoTableViewController.swift in Sources */,
				02682D281C7EFBA40088F21B /* AppDelegate.swift in Sources */,
				022994241C80969F00E3B816 /* NotesViewController.swift in Sources */,
				02682D301C7EFBA40088F21B /* PregnancyCalendar.xcdatamodeld in Sources */,
				02DA72E21CA92E6A0011E9DF /* BuyViewController.swift in Sources */,
				A0E9CD7D1C96EC3400B6A036 /* EPCalendarCell1.swift in Sources */,
				02DA72E61CA940610011E9DF /* WildBerriesTableViewCell.swift in Sources */,
				02682D4B1C7F16BA0088F21B /* SpasmsViewController.swift in Sources */,
				02682D411C7EFC420088F21B /* SWRevealViewController.m in Sources */,
				A0E9CD801C96EC3400B6A036 /* EPCalendarHeaderView.swift in Sources */,
				022994261C8098AD00E3B816 /* ForumTableViewController.swift in Sources */,
				A0E9CD821C96EC3400B6A036 /* EPCalendarPicker.swift in Sources */,
				02682D471C7F013D0088F21B /* ListTableViewController.swift in Sources */,
				023A52751C8823B600DBFF76 /* CustomCollectionViewLayout.swift in Sources */,
				02FE546A1CA9626C0094C055 /* CustomAnnotation.swift in Sources */,
			);
			runOnlyForDeploymentPostprocessing = 0;
		};
/* End PBXSourcesBuildPhase section */

/* Begin PBXTargetDependency section */
		A0C56DA61CA2E9A7004C36AF /* PBXTargetDependency */ = {
			isa = PBXTargetDependency;
			name = "Charts-iOS";
			targetProxy = A0C56DA51CA2E9A7004C36AF /* PBXContainerItemProxy */;
		};
/* End PBXTargetDependency section */

/* Begin PBXVariantGroup section */
		02682D2B1C7EFBA40088F21B /* Main.storyboard */ = {
			isa = PBXVariantGroup;
			children = (
				02682D2C1C7EFBA40088F21B /* Base */,
			);
			name = Main.storyboard;
			sourceTree = "<group>";
		};
		02682D331C7EFBA40088F21B /* LaunchScreen.storyboard */ = {
			isa = PBXVariantGroup;
			children = (
				02682D341C7EFBA40088F21B /* Base */,
			);
			name = LaunchScreen.storyboard;
			sourceTree = "<group>";
		};
/* End PBXVariantGroup section */

/* Begin XCBuildConfiguration section */
		02682D371C7EFBA40088F21B /* Debug */ = {
			isa = XCBuildConfiguration;
			buildSettings = {
				ALWAYS_SEARCH_USER_PATHS = NO;
				CLANG_CXX_LANGUAGE_STANDARD = "gnu++0x";
				CLANG_CXX_LIBRARY = "libc++";
				CLANG_ENABLE_MODULES = YES;
				CLANG_ENABLE_OBJC_ARC = YES;
				CLANG_WARN_BOOL_CONVERSION = YES;
				CLANG_WARN_CONSTANT_CONVERSION = YES;
				CLANG_WARN_DIRECT_OBJC_ISA_USAGE = YES_ERROR;
				CLANG_WARN_EMPTY_BODY = YES;
				CLANG_WARN_ENUM_CONVERSION = YES;
				CLANG_WARN_INT_CONVERSION = YES;
				CLANG_WARN_OBJC_ROOT_CLASS = YES_ERROR;
				CLANG_WARN_UNREACHABLE_CODE = YES;
				CLANG_WARN__DUPLICATE_METHOD_MATCH = YES;
				"CODE_SIGN_IDENTITY[sdk=iphoneos*]" = "iPhone Developer";
				COPY_PHASE_STRIP = NO;
				DEBUG_INFORMATION_FORMAT = dwarf;
				ENABLE_STRICT_OBJC_MSGSEND = YES;
				ENABLE_TESTABILITY = YES;
				GCC_C_LANGUAGE_STANDARD = gnu99;
				GCC_DYNAMIC_NO_PIC = NO;
				GCC_NO_COMMON_BLOCKS = YES;
				GCC_OPTIMIZATION_LEVEL = 0;
				GCC_PREPROCESSOR_DEFINITIONS = (
					"DEBUG=1",
					"$(inherited)",
				);
				GCC_WARN_64_TO_32_BIT_CONVERSION = YES;
				GCC_WARN_ABOUT_RETURN_TYPE = YES_ERROR;
				GCC_WARN_UNDECLARED_SELECTOR = YES;
				GCC_WARN_UNINITIALIZED_AUTOS = YES_AGGRESSIVE;
				GCC_WARN_UNUSED_FUNCTION = YES;
				GCC_WARN_UNUSED_VARIABLE = YES;
				IPHONEOS_DEPLOYMENT_TARGET = 9.2;
				MTL_ENABLE_DEBUG_INFO = YES;
				ONLY_ACTIVE_ARCH = YES;
				SDKROOT = iphoneos;
				SWIFT_OPTIMIZATION_LEVEL = "-Onone";
			};
			name = Debug;
		};
		02682D381C7EFBA40088F21B /* Release */ = {
			isa = XCBuildConfiguration;
			buildSettings = {
				ALWAYS_SEARCH_USER_PATHS = NO;
				CLANG_CXX_LANGUAGE_STANDARD = "gnu++0x";
				CLANG_CXX_LIBRARY = "libc++";
				CLANG_ENABLE_MODULES = YES;
				CLANG_ENABLE_OBJC_ARC = YES;
				CLANG_WARN_BOOL_CONVERSION = YES;
				CLANG_WARN_CONSTANT_CONVERSION = YES;
				CLANG_WARN_DIRECT_OBJC_ISA_USAGE = YES_ERROR;
				CLANG_WARN_EMPTY_BODY = YES;
				CLANG_WARN_ENUM_CONVERSION = YES;
				CLANG_WARN_INT_CONVERSION = YES;
				CLANG_WARN_OBJC_ROOT_CLASS = YES_ERROR;
				CLANG_WARN_UNREACHABLE_CODE = YES;
				CLANG_WARN__DUPLICATE_METHOD_MATCH = YES;
				"CODE_SIGN_IDENTITY[sdk=iphoneos*]" = "iPhone Developer";
				COPY_PHASE_STRIP = NO;
				DEBUG_INFORMATION_FORMAT = "dwarf-with-dsym";
				ENABLE_NS_ASSERTIONS = NO;
				ENABLE_STRICT_OBJC_MSGSEND = YES;
				GCC_C_LANGUAGE_STANDARD = gnu99;
				GCC_NO_COMMON_BLOCKS = YES;
				GCC_WARN_64_TO_32_BIT_CONVERSION = YES;
				GCC_WARN_ABOUT_RETURN_TYPE = YES_ERROR;
				GCC_WARN_UNDECLARED_SELECTOR = YES;
				GCC_WARN_UNINITIALIZED_AUTOS = YES_AGGRESSIVE;
				GCC_WARN_UNUSED_FUNCTION = YES;
				GCC_WARN_UNUSED_VARIABLE = YES;
				IPHONEOS_DEPLOYMENT_TARGET = 9.2;
				MTL_ENABLE_DEBUG_INFO = NO;
				SDKROOT = iphoneos;
				VALIDATE_PRODUCT = YES;
			};
			name = Release;
		};
		02682D3A1C7EFBA40088F21B /* Debug */ = {
			isa = XCBuildConfiguration;
			buildSettings = {
				ASSETCATALOG_COMPILER_APPICON_NAME = AppIcon;
				CLANG_ENABLE_MODULES = YES;
				CODE_SIGN_IDENTITY = "iPhone Developer";
				"CODE_SIGN_IDENTITY[sdk=iphoneos*]" = "iPhone Developer";
				EMBEDDED_CONTENT_CONTAINS_SWIFT = YES;
				FRAMEWORK_SEARCH_PATHS = (
					"$(inherited)",
					"$(PROJECT_DIR)",
				);
				INFOPLIST_FILE = PregnancyCalendar/Info.plist;
				IPHONEOS_DEPLOYMENT_TARGET = 9.2;
				LD_RUNPATH_SEARCH_PATHS = "$(inherited) @executable_path/Frameworks";
				PRODUCT_BUNDLE_IDENTIFIER = farestz.app.PregnancyCalendar;
				PRODUCT_NAME = "$(TARGET_NAME)";
				PROVISIONING_PROFILE = "";
				SWIFT_OBJC_BRIDGING_HEADER = "PregnancyCalendar/PregnancyCalendar-Bridging-Header.h";
				SWIFT_OPTIMIZATION_LEVEL = "-Onone";
			};
			name = Debug;
		};
		02682D3B1C7EFBA40088F21B /* Release */ = {
			isa = XCBuildConfiguration;
			buildSettings = {
				ASSETCATALOG_COMPILER_APPICON_NAME = AppIcon;
				CLANG_ENABLE_MODULES = YES;
				CODE_SIGN_IDENTITY = "iPhone Developer";
				"CODE_SIGN_IDENTITY[sdk=iphoneos*]" = "iPhone Developer";
				EMBEDDED_CONTENT_CONTAINS_SWIFT = YES;
				FRAMEWORK_SEARCH_PATHS = (
					"$(inherited)",
					"$(PROJECT_DIR)",
				);
				INFOPLIST_FILE = PregnancyCalendar/Info.plist;
				IPHONEOS_DEPLOYMENT_TARGET = 9.2;
				LD_RUNPATH_SEARCH_PATHS = "$(inherited) @executable_path/Frameworks";
				PRODUCT_BUNDLE_IDENTIFIER = farestz.app.PregnancyCalendar;
				PRODUCT_NAME = "$(TARGET_NAME)";
				PROVISIONING_PROFILE = "";
				SWIFT_OBJC_BRIDGING_HEADER = "PregnancyCalendar/PregnancyCalendar-Bridging-Header.h";
			};
			name = Release;
		};
/* End XCBuildConfiguration section */

/* Begin XCConfigurationList section */
		02682D1F1C7EFBA40088F21B /* Build configuration list for PBXProject "PregnancyCalendar" */ = {
			isa = XCConfigurationList;
			buildConfigurations = (
				02682D371C7EFBA40088F21B /* Debug */,
				02682D381C7EFBA40088F21B /* Release */,
			);
			defaultConfigurationIsVisible = 0;
			defaultConfigurationName = Release;
		};
		02682D391C7EFBA40088F21B /* Build configuration list for PBXNativeTarget "PregnancyCalendar" */ = {
			isa = XCConfigurationList;
			buildConfigurations = (
				02682D3A1C7EFBA40088F21B /* Debug */,
				02682D3B1C7EFBA40088F21B /* Release */,
			);
			defaultConfigurationIsVisible = 0;
			defaultConfigurationName = Release;
		};
/* End XCConfigurationList section */

/* Begin XCVersionGroup section */
		02682D2E1C7EFBA40088F21B /* PregnancyCalendar.xcdatamodeld */ = {
			isa = XCVersionGroup;
			children = (
				02682D2F1C7EFBA40088F21B /* PregnancyCalendar.xcdatamodel */,
			);
			currentVersion = 02682D2F1C7EFBA40088F21B /* PregnancyCalendar.xcdatamodel */;
			path = PregnancyCalendar.xcdatamodeld;
			sourceTree = "<group>";
			versionGroupType = wrapper.xcdatamodel;
		};
/* End XCVersionGroup section */
	};
	rootObject = 02682D1C1C7EFBA40088F21B /* Project object */;
}
